
Microsoft Visual Studio Solution File, Format Version 12.00
# Visual Studio Version 16
VisualStudioVersion = 16.0.31729.503
MinimumVisualStudioVersion = 10.0.40219.1
Project("{FAE04EC0-301F-11D3-BF4B-00C04F79EFBC}") = "DanamrkRadioCollection", "DanamrkRadioCollection\DanamrkRadioCollection.csproj", "{BC81FA2C-B229-4D97-884C-C361C22CC147}"
EndProject
Global
	GlobalSection(SolutionConfigurationPlatforms) = preSolution
		Debug|Any CPU = Debug|Any CPU
		Release|Any CPU = Release|Any CPU
	EndGlobalSection
	GlobalSection(ProjectConfigurationPlatforms) = postSolution
		{BC81FA2C-B229-4D97-884C-C361C22CC147}.Debug|Any CPU.ActiveCfg = Debug|Any CPU
		{BC81FA2C-B229-4D97-884C-C361C22CC147}.Debug|Any CPU.Build.0 = Debug|Any CPU
		{BC81FA2C-B229-4D97-884C-C361C22CC147}.Release|Any CPU.ActiveCfg = Release|Any CPU
		{BC81FA2C-B229-4D97-884C-C361C22CC147}.Release|Any CPU.Build.0 = Release|Any CPU
	EndGlobalSection
	GlobalSection(SolutionProperties) = preSolution
		HideSolutionNode = FALSE
	EndGlobalSection
	GlobalSection(ExtensibilityGlobals) = postSolution
		SolutionGuid = {0D194E58-3BEA-4706-AD43-667D52AB9F42}
	EndGlobalSection
EndGlobal
